
Microsoft Visual Studio Solution File, Format Version 12.00
Project("{2150E333-8FDC-42A3-9474-1A3956D46DE8}") = "src", "src", "{1C7CFB33-B026-4CFF-9BEB-3E0E93746437}"
EndProject
Project("{2150E333-8FDC-42A3-9474-1A3956D46DE8}") = "tests", "tests", "{B57C1A24-0AD6-4C10-96AC-B34DE7D657D4}"
EndProject
Project("{FAE04EC0-301F-11D3-BF4B-00C04F79EFBC}") = "FC.CodeFlix.Catalog.UnitTests", "tests\FC.CodeFlix.Catalog.UnitTests\FC.CodeFlix.Catalog.UnitTests.csproj", "{CECD5204-5629-49A5-BE46-CA7A5C81FD38}"
EndProject
Project("{FAE04EC0-301F-11D3-BF4B-00C04F79EFBC}") = "FC.CodeFlix.Catalog.Domain", "src\FC.CodeFlix.Catalog.Domain\FC.CodeFlix.Catalog.Domain.csproj", "{7162D20C-C4A6-4DA7-BFD5-96A062DB4A43}"
EndProject
Global
	GlobalSection(SolutionConfigurationPlatforms) = preSolution
		Debug|Any CPU = Debug|Any CPU
		Release|Any CPU = Release|Any CPU
	EndGlobalSection
	GlobalSection(NestedProjects) = preSolution
		{CECD5204-5629-49A5-BE46-CA7A5C81FD38} = {B57C1A24-0AD6-4C10-96AC-B34DE7D657D4}
		{7162D20C-C4A6-4DA7-BFD5-96A062DB4A43} = {1C7CFB33-B026-4CFF-9BEB-3E0E93746437}
	EndGlobalSection
	GlobalSection(ProjectConfigurationPlatforms) = postSolution
		{CECD5204-5629-49A5-BE46-CA7A5C81FD38}.Debug|Any CPU.ActiveCfg = Debug|Any CPU
		{CECD5204-5629-49A5-BE46-CA7A5C81FD38}.Debug|Any CPU.Build.0 = Debug|Any CPU
		{CECD5204-5629-49A5-BE46-CA7A5C81FD38}.Release|Any CPU.ActiveCfg = Release|Any CPU
		{CECD5204-5629-49A5-BE46-CA7A5C81FD38}.Release|Any CPU.Build.0 = Release|Any CPU
		{7162D20C-C4A6-4DA7-BFD5-96A062DB4A43}.Debug|Any CPU.ActiveCfg = Debug|Any CPU
		{7162D20C-C4A6-4DA7-BFD5-96A062DB4A43}.Debug|Any CPU.Build.0 = Debug|Any CPU
		{7162D20C-C4A6-4DA7-BFD5-96A062DB4A43}.Release|Any CPU.ActiveCfg = Release|Any CPU
		{7162D20C-C4A6-4DA7-BFD5-96A062DB4A43}.Release|Any CPU.Build.0 = Release|Any CPU
	EndGlobalSection
EndGlobal
